
Microsoft Visual Studio Solution File, Format Version 12.00
# Visual Studio 2013
VisualStudioVersion = 12.0.40629.0
MinimumVisualStudioVersion = 10.0.40219.1
Project("{F184B08F-C81C-45F6-A57F-5ABD9991F28F}") = "EPAccessPDF", "EPAccessPDF\EPAccessPDF.vbproj", "{7A29B7A9-F865-4F4D-AC56-1DCA14819579}"
EndProject
Project("{930C7802-8A8C-48F9-8165-68863BCCD9DD}") = "EPAccessPDFSetup(1.0.10)", "EPAccessPDF\EPAccessPDFSetup\1.0.10\EPAccessPDFSetup(1.0.10).wixproj", "{08C1945F-53AC-4B8D-BE45-3D1E9FA9779D}"
EndProject
Global
	GlobalSection(SolutionConfigurationPlatforms) = preSolution
		Debug|Any CPU = Debug|Any CPU
		Debug|Mixed Platforms = Debug|Mixed Platforms
		Debug|x86 = Debug|x86
		Release|Any CPU = Release|Any CPU
		Release|Mixed Platforms = Release|Mixed Platforms
		Release|x86 = Release|x86
	EndGlobalSection
	GlobalSection(ProjectConfigurationPlatforms) = postSolution
		{7A29B7A9-F865-4F4D-AC56-1DCA14819579}.Debug|Any CPU.ActiveCfg = Debug|Any CPU
		{7A29B7A9-F865-4F4D-AC56-1DCA14819579}.Debug|Any CPU.Build.0 = Debug|Any CPU
		{7A29B7A9-F865-4F4D-AC56-1DCA14819579}.Debug|Mixed Platforms.ActiveCfg = Debug|Any CPU
		{7A29B7A9-F865-4F4D-AC56-1DCA14819579}.Debug|Mixed Platforms.Build.0 = Debug|Any CPU
		{7A29B7A9-F865-4F4D-AC56-1DCA14819579}.Debug|x86.ActiveCfg = Debug|Any CPU
		{7A29B7A9-F865-4F4D-AC56-1DCA14819579}.Release|Any CPU.ActiveCfg = Release|Any CPU
		{7A29B7A9-F865-4F4D-AC56-1DCA14819579}.Release|Any CPU.Build.0 = Release|Any CPU
		{7A29B7A9-F865-4F4D-AC56-1DCA14819579}.Release|Mixed Platforms.ActiveCfg = Release|Any CPU
		{7A29B7A9-F865-4F4D-AC56-1DCA14819579}.Release|Mixed Platforms.Build.0 = Release|Any CPU
		{7A29B7A9-F865-4F4D-AC56-1DCA14819579}.Release|x86.ActiveCfg = Release|Any CPU
		{08C1945F-53AC-4B8D-BE45-3D1E9FA9779D}.Debug|Any CPU.ActiveCfg = Debug|x86
		{08C1945F-53AC-4B8D-BE45-3D1E9FA9779D}.Debug|Mixed Platforms.ActiveCfg = Debug|x86
		{08C1945F-53AC-4B8D-BE45-3D1E9FA9779D}.Debug|Mixed Platforms.Build.0 = Debug|x86
		{08C1945F-53AC-4B8D-BE45-3D1E9FA9779D}.Debug|x86.ActiveCfg = Debug|x86
		{08C1945F-53AC-4B8D-BE45-3D1E9FA9779D}.Debug|x86.Build.0 = Debug|x86
		{08C1945F-53AC-4B8D-BE45-3D1E9FA9779D}.Release|Any CPU.ActiveCfg = Release|x86
		{08C1945F-53AC-4B8D-BE45-3D1E9FA9779D}.Release|Mixed Platforms.ActiveCfg = Release|x86
		{08C1945F-53AC-4B8D-BE45-3D1E9FA9779D}.Release|Mixed Platforms.Build.0 = Release|x86
		{08C1945F-53AC-4B8D-BE45-3D1E9FA9779D}.Release|x86.ActiveCfg = Release|x86
		{08C1945F-53AC-4B8D-BE45-3D1E9FA9779D}.Release|x86.Build.0 = Release|x86
	EndGlobalSection
	GlobalSection(SolutionProperties) = preSolution
		HideSolutionNode = FALSE
	EndGlobalSection
EndGlobal
